{
  "name": "test",
  "lockfileVersion": 2,
  "requires": true,
  "packages": {
    "": {
      "dependencies": {
        "leapjs": "^1.1.1"
      }
    },
    "node_modules/gl-matrix": {
      "version": "3.4.3",
      "resolved": "https://registry.npmjs.org/gl-matrix/-/gl-matrix-3.4.3.tgz",
      "integrity": "sha512-wcCp8vu8FT22BnvKVPjXa/ICBWRq/zjFfdofZy1WSpQZpphblv12/bOQLBC1rMM7SGOFS9ltVmKOHil5+Ml7gA=="
    },
    "node_modules/leapjs": {
      "version": "1.1.1",
      "resolved": "https://registry.npmjs.org/leapjs/-/leapjs-1.1.1.tgz",
      "integrity": "sha512-AXyzH3HuIlqaJWAfziVJa0K0k45wiavQUH7utDbDrYzlqSkqqCR3ePt8kpaDEzujx8rA3iDX+E6x2CnNR1XRXQ==",
      "dependencies": {
        "gl-matrix": "^3.3.0",
        "ws": "^7.4.6"
      },
      "engines": {
        "node": "~12.0.0"
      }
    },
    "node_modules/ws": {
      "version": "7.5.7",
      "resolved": "https://registry.npmjs.org/ws/-/ws-7.5.7.tgz",
      "integrity": "sha512-KMvVuFzpKBuiIXW3E4u3mySRO2/mCHSyZDJQM5NQ9Q9KHWHWh0NHgfbRMLLrceUK5qAL4ytALJbpRMjixFZh8A==",
      "engines": {
        "node": ">=8.3.0"
      },
      "peerDependencies": {
        "bufferutil": "^4.0.1",
        "utf-8-validate": "^5.0.2"
      },
      "peerDependenciesMeta": {
        "bufferutil": {
          "optional": true
        },
        "utf-8-validate": {
          "optional": true
        }
      }
    }
  },
  "dependencies": {
    "gl-matrix": {
      "version": "3.4.3",
      "resolved": "https://registry.npmjs.org/gl-matrix/-/gl-matrix-3.4.3.tgz",
      "integrity": "sha512-wcCp8vu8FT22BnvKVPjXa/ICBWRq/zjFfdofZy1WSpQZpphblv12/bOQLBC1rMM7SGOFS9ltVmKOHil5+Ml7gA=="
    },
    "leapjs": {
      "version": "1.1.1",
      "resolved": "https://registry.npmjs.org/leapjs/-/leapjs-1.1.1.tgz",
      "integrity": "sha512-AXyzH3HuIlqaJWAfziVJa0K0k45wiavQUH7utDbDrYzlqSkqqCR3ePt8kpaDEzujx8rA3iDX+E6x2CnNR1XRXQ==",
      "requires": {
        "gl-matrix": "^3.3.0",
        "ws": "^7.4.6"
      }
    },
    "ws": {
      "version": "7.5.7",
      "resolved": "https://registry.npmjs.org/ws/-/ws-7.5.7.tgz",
      "integrity": "sha512-KMvVuFzpKBuiIXW3E4u3mySRO2/mCHSyZDJQM5NQ9Q9KHWHWh0NHgfbRMLLrceUK5qAL4ytALJbpRMjixFZh8A==",
      "requires": {}
    }
  }
}
